
Microsoft Visual Studio Solution File, Format Version 12.00
# Visual Studio Version 17
VisualStudioVersion = 17.9.34728.123
MinimumVisualStudioVersion = 10.0.40219.1
Project("{FAE04EC0-301F-11D3-BF4B-00C04F79EFBC}") = "XO", "XO.csproj", "{29A7CDEB-1541-4000-9B9B-0F95330753B9}"
EndProject
Global
	GlobalSection(SolutionConfigurationPlatforms) = preSolution
		Debug|Any CPU = Debug|Any CPU
		Release|Any CPU = Release|Any CPU
	EndGlobalSection
	GlobalSection(ProjectConfigurationPlatforms) = postSolution
		{29A7CDEB-1541-4000-9B9B-0F95330753B9}.Debug|Any CPU.ActiveCfg = Debug|Any CPU
		{29A7CDEB-1541-4000-9B9B-0F95330753B9}.Debug|Any CPU.Build.0 = Debug|Any CPU
		{29A7CDEB-1541-4000-9B9B-0F95330753B9}.Release|Any CPU.ActiveCfg = Release|Any CPU
		{29A7CDEB-1541-4000-9B9B-0F95330753B9}.Release|Any CPU.Build.0 = Release|Any CPU
	EndGlobalSection
	GlobalSection(SolutionProperties) = preSolution
		HideSolutionNode = FALSE
	EndGlobalSection
	GlobalSection(ExtensibilityGlobals) = postSolution
		SolutionGuid = {25C97809-04DC-4861-A3E9-56A8F95E0A40}
	EndGlobalSection
EndGlobal
